
Microsoft Visual Studio Solution File, Format Version 12.00
# Visual Studio Version 17
VisualStudioVersion = 17.0.31903.59
MinimumVisualStudioVersion = 10.0.40219.1
Project("{FAE04EC0-301F-11D3-BF4B-00C04F79EFBC}") = "Backend.Api", "Backend.Api\Backend.Api.csproj", "{44C1A2E8-F89A-49C1-B6B5-80702249FCA9}"
EndProject
Project("{FAE04EC0-301F-11D3-BF4B-00C04F79EFBC}") = "Backend.Infrastructure", "Backend.Infrastructure\Backend.Infrastructure.csproj", "{CA917AE7-2EB1-491F-95CF-BFAFF958531E}"
EndProject
Project("{FAE04EC0-301F-11D3-BF4B-00C04F79EFBC}") = "Backend.Domain", "Backend.Domain\Backend.Domain.csproj", "{FA12B6F8-59C9-44DB-B19D-D97A89A249D1}"
EndProject
Project("{FAE04EC0-301F-11D3-BF4B-00C04F79EFBC}") = "Backend.Tests", "Backend.Tests\Backend.Tests.csproj", "{A1644557-8C84-46E3-9CCB-24FB1C393365}"
EndProject
Project("{FAE04EC0-301F-11D3-BF4B-00C04F79EFBC}") = "Backend.Application", "Backend.Application\Backend.Application.csproj", "{6CB804DB-DBAC-4A63-A62F-BB43D487A2B5}"
EndProject
Global
	GlobalSection(SolutionConfigurationPlatforms) = preSolution
		Debug|Any CPU = Debug|Any CPU
		Debug|x64 = Debug|x64
		Debug|x86 = Debug|x86
		Release|Any CPU = Release|Any CPU
		Release|x64 = Release|x64
		Release|x86 = Release|x86
	EndGlobalSection
	GlobalSection(ProjectConfigurationPlatforms) = postSolution
		{44C1A2E8-F89A-49C1-B6B5-80702249FCA9}.Debug|Any CPU.ActiveCfg = Debug|Any CPU
		{44C1A2E8-F89A-49C1-B6B5-80702249FCA9}.Debug|Any CPU.Build.0 = Debug|Any CPU
		{44C1A2E8-F89A-49C1-B6B5-80702249FCA9}.Debug|x64.ActiveCfg = Debug|Any CPU
		{44C1A2E8-F89A-49C1-B6B5-80702249FCA9}.Debug|x64.Build.0 = Debug|Any CPU
		{44C1A2E8-F89A-49C1-B6B5-80702249FCA9}.Debug|x86.ActiveCfg = Debug|Any CPU
		{44C1A2E8-F89A-49C1-B6B5-80702249FCA9}.Debug|x86.Build.0 = Debug|Any CPU
		{44C1A2E8-F89A-49C1-B6B5-80702249FCA9}.Release|Any CPU.ActiveCfg = Release|Any CPU
		{44C1A2E8-F89A-49C1-B6B5-80702249FCA9}.Release|Any CPU.Build.0 = Release|Any CPU
		{44C1A2E8-F89A-49C1-B6B5-80702249FCA9}.Release|x64.ActiveCfg = Release|Any CPU
		{44C1A2E8-F89A-49C1-B6B5-80702249FCA9}.Release|x64.Build.0 = Release|Any CPU
		{44C1A2E8-F89A-49C1-B6B5-80702249FCA9}.Release|x86.ActiveCfg = Release|Any CPU
		{44C1A2E8-F89A-49C1-B6B5-80702249FCA9}.Release|x86.Build.0 = Release|Any CPU
		{CA917AE7-2EB1-491F-95CF-BFAFF958531E}.Debug|Any CPU.ActiveCfg = Debug|Any CPU
		{CA917AE7-2EB1-491F-95CF-BFAFF958531E}.Debug|Any CPU.Build.0 = Debug|Any CPU
		{CA917AE7-2EB1-491F-95CF-BFAFF958531E}.Debug|x64.ActiveCfg = Debug|Any CPU
		{CA917AE7-2EB1-491F-95CF-BFAFF958531E}.Debug|x64.Build.0 = Debug|Any CPU
		{CA917AE7-2EB1-491F-95CF-BFAFF958531E}.Debug|x86.ActiveCfg = Debug|Any CPU
		{CA917AE7-2EB1-491F-95CF-BFAFF958531E}.Debug|x86.Build.0 = Debug|Any CPU
		{CA917AE7-2EB1-491F-95CF-BFAFF958531E}.Release|Any CPU.ActiveCfg = Release|Any CPU
		{CA917AE7-2EB1-491F-95CF-BFAFF958531E}.Release|Any CPU.Build.0 = Release|Any CPU
		{CA917AE7-2EB1-491F-95CF-BFAFF958531E}.Release|x64.ActiveCfg = Release|Any CPU
		{CA917AE7-2EB1-491F-95CF-BFAFF958531E}.Release|x64.Build.0 = Release|Any CPU
		{CA917AE7-2EB1-491F-95CF-BFAFF958531E}.Release|x86.ActiveCfg = Release|Any CPU
		{CA917AE7-2EB1-491F-95CF-BFAFF958531E}.Release|x86.Build.0 = Release|Any CPU
		{FA12B6F8-59C9-44DB-B19D-D97A89A249D1}.Debug|Any CPU.ActiveCfg = Debug|Any CPU
		{FA12B6F8-59C9-44DB-B19D-D97A89A249D1}.Debug|Any CPU.Build.0 = Debug|Any CPU
		{FA12B6F8-59C9-44DB-B19D-D97A89A249D1}.Debug|x64.ActiveCfg = Debug|Any CPU
		{FA12B6F8-59C9-44DB-B19D-D97A89A249D1}.Debug|x64.Build.0 = Debug|Any CPU
		{FA12B6F8-59C9-44DB-B19D-D97A89A249D1}.Debug|x86.ActiveCfg = Debug|Any CPU
		{FA12B6F8-59C9-44DB-B19D-D97A89A249D1}.Debug|x86.Build.0 = Debug|Any CPU
		{FA12B6F8-59C9-44DB-B19D-D97A89A249D1}.Release|Any CPU.ActiveCfg = Release|Any CPU
		{FA12B6F8-59C9-44DB-B19D-D97A89A249D1}.Release|Any CPU.Build.0 = Release|Any CPU
		{FA12B6F8-59C9-44DB-B19D-D97A89A249D1}.Release|x64.ActiveCfg = Release|Any CPU
		{FA12B6F8-59C9-44DB-B19D-D97A89A249D1}.Release|x64.Build.0 = Release|Any CPU
		{FA12B6F8-59C9-44DB-B19D-D97A89A249D1}.Release|x86.ActiveCfg = Release|Any CPU
		{FA12B6F8-59C9-44DB-B19D-D97A89A249D1}.Release|x86.Build.0 = Release|Any CPU
		{A1644557-8C84-46E3-9CCB-24FB1C393365}.Debug|Any CPU.ActiveCfg = Debug|Any CPU
		{A1644557-8C84-46E3-9CCB-24FB1C393365}.Debug|Any CPU.Build.0 = Debug|Any CPU
		{A1644557-8C84-46E3-9CCB-24FB1C393365}.Debug|x64.ActiveCfg = Debug|Any CPU
		{A1644557-8C84-46E3-9CCB-24FB1C393365}.Debug|x64.Build.0 = Debug|Any CPU
		{A1644557-8C84-46E3-9CCB-24FB1C393365}.Debug|x86.ActiveCfg = Debug|Any CPU
		{A1644557-8C84-46E3-9CCB-24FB1C393365}.Debug|x86.Build.0 = Debug|Any CPU
		{A1644557-8C84-46E3-9CCB-24FB1C393365}.Release|Any CPU.ActiveCfg = Release|Any CPU
		{A1644557-8C84-46E3-9CCB-24FB1C393365}.Release|Any CPU.Build.0 = Release|Any CPU
		{A1644557-8C84-46E3-9CCB-24FB1C393365}.Release|x64.ActiveCfg = Release|Any CPU
		{A1644557-8C84-46E3-9CCB-24FB1C393365}.Release|x64.Build.0 = Release|Any CPU
		{A1644557-8C84-46E3-9CCB-24FB1C393365}.Release|x86.ActiveCfg = Release|Any CPU
		{A1644557-8C84-46E3-9CCB-24FB1C393365}.Release|x86.Build.0 = Release|Any CPU
		{6CB804DB-DBAC-4A63-A62F-BB43D487A2B5}.Debug|Any CPU.ActiveCfg = Debug|Any CPU
		{6CB804DB-DBAC-4A63-A62F-BB43D487A2B5}.Debug|Any CPU.Build.0 = Debug|Any CPU
		{6CB804DB-DBAC-4A63-A62F-BB43D487A2B5}.Debug|x64.ActiveCfg = Debug|Any CPU
		{6CB804DB-DBAC-4A63-A62F-BB43D487A2B5}.Debug|x64.Build.0 = Debug|Any CPU
		{6CB804DB-DBAC-4A63-A62F-BB43D487A2B5}.Debug|x86.ActiveCfg = Debug|Any CPU
		{6CB804DB-DBAC-4A63-A62F-BB43D487A2B5}.Debug|x86.Build.0 = Debug|Any CPU
		{6CB804DB-DBAC-4A63-A62F-BB43D487A2B5}.Release|Any CPU.ActiveCfg = Release|Any CPU
		{6CB804DB-DBAC-4A63-A62F-BB43D487A2B5}.Release|Any CPU.Build.0 = Release|Any CPU
		{6CB804DB-DBAC-4A63-A62F-BB43D487A2B5}.Release|x64.ActiveCfg = Release|Any CPU
		{6CB804DB-DBAC-4A63-A62F-BB43D487A2B5}.Release|x64.Build.0 = Release|Any CPU
		{6CB804DB-DBAC-4A63-A62F-BB43D487A2B5}.Release|x86.ActiveCfg = Release|Any CPU
		{6CB804DB-DBAC-4A63-A62F-BB43D487A2B5}.Release|x86.Build.0 = Release|Any CPU
	EndGlobalSection
	GlobalSection(SolutionProperties) = preSolution
		HideSolutionNode = FALSE
	EndGlobalSection
EndGlobal
